
Microsoft Visual Studio Solution File, Format Version 12.00
# Visual Studio Version 17
VisualStudioVersion = 17.7.34202.233
MinimumVisualStudioVersion = 10.0.40219.1
Project("{FAE04EC0-301F-11D3-BF4B-00C04F79EFBC}") = "AirlineAPI", "AirlineAPI\AirlineAPI.csproj", "{38E67632-E056-49DB-90F2-147E9E6247F6}"
EndProject
Global
	GlobalSection(SolutionConfigurationPlatforms) = preSolution
		Debug|Any CPU = Debug|Any CPU
		Release|Any CPU = Release|Any CPU
	EndGlobalSection
	GlobalSection(ProjectConfigurationPlatforms) = postSolution
		{38E67632-E056-49DB-90F2-147E9E6247F6}.Debug|Any CPU.ActiveCfg = Debug|Any CPU
		{38E67632-E056-49DB-90F2-147E9E6247F6}.Debug|Any CPU.Build.0 = Debug|Any CPU
		{38E67632-E056-49DB-90F2-147E9E6247F6}.Release|Any CPU.ActiveCfg = Release|Any CPU
		{38E67632-E056-49DB-90F2-147E9E6247F6}.Release|Any CPU.Build.0 = Release|Any CPU
	EndGlobalSection
	GlobalSection(SolutionProperties) = preSolution
		HideSolutionNode = FALSE
	EndGlobalSection
	GlobalSection(ExtensibilityGlobals) = postSolution
		SolutionGuid = {B9B1ABA9-3D97-4D0E-9734-924288398537}
	EndGlobalSection
EndGlobal
